// !$*UTF8*$!
{
	archiveVersion = 1;
	classes = {
	};
	objectVersion = 46;
	objects = {

/* Begin PBXBuildFile section */
		38EC90F71C3AC9A6008AE1A3 /* data.cpp in Sources */ = {isa = PBXBuildFile; fileRef = 38EC90F31C3AC9A6008AE1A3 /* data.cpp */; };
		38EC90F81C3AC9A6008AE1A3 /* logger.cpp in Sources */ = {isa = PBXBuildFile; fileRef = 38EC90F41C3AC9A6008AE1A3 /* logger.cpp */; };
		38EC90F91C3AC9A6008AE1A3 /* network.cpp in Sources */ = {isa = PBXBuildFile; fileRef = 38EC90F51C3AC9A6008AE1A3 /* network.cpp */; };
		38EC90FA1C3AC9A6008AE1A3 /* task.cpp in Sources */ = {isa = PBXBuildFile; fileRef = 38EC90F61C3AC9A6008AE1A3 /* task.cpp */; };
		55A5745F1EA780F3003ECB8C /* hermes.cpp in Sources */ = {isa = PBXBuildFile; fileRef = 55A5745E1EA780F3003ECB8C /* hermes.cpp */; };
/* End PBXBuildFile section */

/* Begin PBXCopyFilesBuildPhase section */
		38EC90CA1C3AC853008AE1A3 /* CopyFiles */ = {
			isa = PBXCopyFilesBuildPhase;
			buildActionMask = 2147483647;
			dstPath = "include/$(PRODUCT_NAME)";
			dstSubfolderSpec = 16;
			files = (
			);
			runOnlyForDeploymentPostprocessing = 0;
		};
/* End PBXCopyFilesBuildPhase section */

/* Begin PBXFileReference section */
		3871E9AD1C3C07D200A2EC70 /* libhermes.a */ = {isa = PBXFileReference; explicitFileType = archive.ar; includeInIndex = 0; path = libhermes.a; sourceTree = BUILT_PRODUCTS_DIR; };
		38EC90EF1C3AC999008AE1A3 /* data.hpp */ = {isa = PBXFileReference; fileEncoding = 4; lastKnownFileType = sourcecode.cpp.h; name = data.hpp; path = include/data.hpp; sourceTree = "<group>"; };
		38EC90F01C3AC999008AE1A3 /* logger.hpp */ = {isa = PBXFileReference; fileEncoding = 4; lastKnownFileType = sourcecode.cpp.h; name = logger.hpp; path = include/logger.hpp; sourceTree = "<group>"; };
		38EC90F11C3AC999008AE1A3 /* network.hpp */ = {isa = PBXFileReference; fileEncoding = 4; lastKnownFileType = sourcecode.cpp.h; name = network.hpp; path = include/network.hpp; sourceTree = "<group>"; };
		38EC90F21C3AC999008AE1A3 /* task.hpp */ = {isa = PBXFileReference; fileEncoding = 4; lastKnownFileType = sourcecode.cpp.h; name = task.hpp; path = include/task.hpp; sourceTree = "<group>"; };
		38EC90F31C3AC9A6008AE1A3 /* data.cpp */ = {isa = PBXFileReference; fileEncoding = 4; lastKnownFileType = sourcecode.cpp.cpp; name = data.cpp; path = source/data.cpp; sourceTree = "<group>"; };
		38EC90F41C3AC9A6008AE1A3 /* logger.cpp */ = {isa = PBXFileReference; fileEncoding = 4; lastKnownFileType = sourcecode.cpp.cpp; name = logger.cpp; path = source/logger.cpp; sourceTree = "<group>"; };
		38EC90F51C3AC9A6008AE1A3 /* network.cpp */ = {isa = PBXFileReference; fileEncoding = 4; lastKnownFileType = sourcecode.cpp.cpp; name = network.cpp; path = source/network.cpp; sourceTree = "<group>"; };
		38EC90F61C3AC9A6008AE1A3 /* task.cpp */ = {isa = PBXFileReference; explicitFileType = sourcecode.cpp.objcpp; fileEncoding = 4; name = task.cpp; path = source/task.cpp; sourceTree = "<group>"; };
		55A5745E1EA780F3003ECB8C /* hermes.cpp */ = {isa = PBXFileReference; fileEncoding = 4; lastKnownFileType = sourcecode.cpp.cpp; name = hermes.cpp; path = source/hermes.cpp; sourceTree = "<group>"; };
		55A574601EA78108003ECB8C /* hermes.hpp */ = {isa = PBXFileReference; fileEncoding = 4; lastKnownFileType = sourcecode.cpp.h; name = hermes.hpp; path = include/hermes.hpp; sourceTree = "<group>"; };
/* End PBXFileReference section */

/* Begin PBXFrameworksBuildPhase section */
		38EC90C91C3AC853008AE1A3 /* Frameworks */ = {
			isa = PBXFrameworksBuildPhase;
			buildActionMask = 2147483647;
			files = (
			);
			runOnlyForDeploymentPostprocessing = 0;
		};
/* End PBXFrameworksBuildPhase section */

/* Begin PBXGroup section */
		3871E9AE1C3C084600A2EC70 /* Product */ = {
			isa = PBXGroup;
			children = (
				3871E9AD1C3C07D200A2EC70 /* libhermes.a */,
			);
			name = Product;
			sourceTree = "<group>";
		};
		38EC90C31C3AC853008AE1A3 = {
			isa = PBXGroup;
			children = (
				38EC90ED1C3AC92E008AE1A3 /* Header Files */,
				38EC90EE1C3AC974008AE1A3 /* Source Files */,
				3871E9AE1C3C084600A2EC70 /* Product */,
			);
			sourceTree = "<group>";
		};
		38EC90ED1C3AC92E008AE1A3 /* Header Files */ = {
			isa = PBXGroup;
			children = (
				38EC90EF1C3AC999008AE1A3 /* data.hpp */,
				38EC90F01C3AC999008AE1A3 /* logger.hpp */,
				38EC90F11C3AC999008AE1A3 /* network.hpp */,
				38EC90F21C3AC999008AE1A3 /* task.hpp */,
				55A574601EA78108003ECB8C /* hermes.hpp */,
			);
			name = "Header Files";
			sourceTree = "<group>";
		};
		38EC90EE1C3AC974008AE1A3 /* Source Files */ = {
			isa = PBXGroup;
			children = (
				38EC90F31C3AC9A6008AE1A3 /* data.cpp */,
				38EC90F41C3AC9A6008AE1A3 /* logger.cpp */,
				38EC90F51C3AC9A6008AE1A3 /* network.cpp */,
				38EC90F61C3AC9A6008AE1A3 /* task.cpp */,
				55A5745E1EA780F3003ECB8C /* hermes.cpp */,
			);
			name = "Source Files";
			sourceTree = "<group>";
		};
/* End PBXGroup section */

/* Begin PBXNativeTarget section */
		38EC90CB1C3AC853008AE1A3 /* hermes */ = {
			isa = PBXNativeTarget;
			buildConfigurationList = 38EC90D51C3AC853008AE1A3 /* Build configuration list for PBXNativeTarget "hermes" */;
			buildPhases = (
				38EC90C81C3AC853008AE1A3 /* Sources */,
				38EC90C91C3AC853008AE1A3 /* Frameworks */,
				38EC90CA1C3AC853008AE1A3 /* CopyFiles */,
			);
			buildRules = (
			);
			dependencies = (
			);
			name = hermes;
			productName = hermes;
			productReference = 3871E9AD1C3C07D200A2EC70 /* libhermes.a */;
			productType = "com.apple.product-type.library.static";
		};
/* End PBXNativeTarget section */

/* Begin PBXProject section */
		38EC90C41C3AC853008AE1A3 /* Project object */ = {
			isa = PBXProject;
			attributes = {
				LastUpgradeCheck = 0800;
				TargetAttributes = {
					38EC90CB1C3AC853008AE1A3 = {
						CreatedOnToolsVersion = 7.2;
					};
				};
			};
			buildConfigurationList = 38EC90C71C3AC853008AE1A3 /* Build configuration list for PBXProject "hermes" */;
			compatibilityVersion = "Xcode 3.2";
			developmentRegion = English;
			hasScannedForEncodings = 0;
			knownRegions = (
				en,
			);
			mainGroup = 38EC90C31C3AC853008AE1A3;
			productRefGroup = 38EC90C31C3AC853008AE1A3;
			projectDirPath = "";
			projectRoot = "";
			targets = (
				38EC90CB1C3AC853008AE1A3 /* hermes */,
			);
		};
/* End PBXProject section */

/* Begin PBXSourcesBuildPhase section */
		38EC90C81C3AC853008AE1A3 /* Sources */ = {
			isa = PBXSourcesBuildPhase;
			buildActionMask = 2147483647;
			files = (
				38EC90FA1C3AC9A6008AE1A3 /* task.cpp in Sources */,
				55A5745F1EA780F3003ECB8C /* hermes.cpp in Sources */,
				38EC90F71C3AC9A6008AE1A3 /* data.cpp in Sources */,
				38EC90F91C3AC9A6008AE1A3 /* network.cpp in Sources */,
				38EC90F81C3AC9A6008AE1A3 /* logger.cpp in Sources */,
			);
			runOnlyForDeploymentPostprocessing = 0;
		};
/* End PBXSourcesBuildPhase section */

/* Begin XCBuildConfiguration section */
		38EC90D31C3AC853008AE1A3 /* Debug */ = {
			isa = XCBuildConfiguration;
			buildSettings = {
				ALWAYS_SEARCH_USER_PATHS = NO;
				CLANG_CXX_LANGUAGE_STANDARD = "c++0x";
				CLANG_CXX_LIBRARY = "libc++";
				CLANG_ENABLE_MODULES = YES;
				CLANG_ENABLE_OBJC_ARC = YES;
				CLANG_WARN_BOOL_CONVERSION = YES;
				CLANG_WARN_CONSTANT_CONVERSION = YES;
				CLANG_WARN_DIRECT_OBJC_ISA_USAGE = YES_ERROR;
				CLANG_WARN_EMPTY_BODY = YES;
				CLANG_WARN_ENUM_CONVERSION = YES;
				CLANG_WARN_IMPLICIT_SIGN_CONVERSION = YES;
				CLANG_WARN_INFINITE_RECURSION = YES;
				CLANG_WARN_INT_CONVERSION = YES;
				CLANG_WARN_OBJC_ROOT_CLASS = YES_ERROR;
				CLANG_WARN_SUSPICIOUS_MOVE = YES;
				CLANG_WARN_UNREACHABLE_CODE = YES;
				CLANG_WARN__DUPLICATE_METHOD_MATCH = YES;
				"CODE_SIGN_IDENTITY[sdk=iphoneos*]" = "iPhone Developer";
				COPY_PHASE_STRIP = NO;
				DEBUG_INFORMATION_FORMAT = dwarf;
				DEPLOYMENT_LOCATION = YES;
				ENABLE_STRICT_OBJC_MSGSEND = YES;
				ENABLE_TESTABILITY = YES;
				GCC_C_LANGUAGE_STANDARD = c11;
				GCC_DYNAMIC_NO_PIC = NO;
				GCC_INLINES_ARE_PRIVATE_EXTERN = YES;
				GCC_NO_COMMON_BLOCKS = YES;
				GCC_OPTIMIZATION_LEVEL = 0;
				GCC_PREPROCESSOR_DEFINITIONS = (
					"DEBUG=1",
					"$(inherited)",
				);
				GCC_SYMBOLS_PRIVATE_EXTERN = YES;
				GCC_WARN_64_TO_32_BIT_CONVERSION = YES;
				GCC_WARN_ABOUT_RETURN_TYPE = YES_ERROR;
				GCC_WARN_SHADOW = YES;
				GCC_WARN_UNDECLARED_SELECTOR = YES;
				GCC_WARN_UNINITIALIZED_AUTOS = YES_AGGRESSIVE;
				GCC_WARN_UNUSED_FUNCTION = YES;
				GCC_WARN_UNUSED_VARIABLE = YES;
				HEADER_SEARCH_PATHS = (
					include,
					depend/curl/include,
					depend/jsoncpp/include,
				);
				INSTALL_PATH = /;
				IPHONEOS_DEPLOYMENT_TARGET = 8.0;
				MTL_ENABLE_DEBUG_INFO = YES;
				ONLY_ACTIVE_ARCH = YES;
				SDKROOT = iphoneos;
			};
			name = Debug;
		};
		38EC90D41C3AC853008AE1A3 /* Release */ = {
			isa = XCBuildConfiguration;
			buildSettings = {
				ALWAYS_SEARCH_USER_PATHS = NO;
				CLANG_CXX_LANGUAGE_STANDARD = "c++0x";
				CLANG_CXX_LIBRARY = "libc++";
				CLANG_ENABLE_MODULES = YES;
				CLANG_ENABLE_OBJC_ARC = YES;
				CLANG_WARN_BOOL_CONVERSION = YES;
				CLANG_WARN_CONSTANT_CONVERSION = YES;
				CLANG_WARN_DIRECT_OBJC_ISA_USAGE = YES_ERROR;
				CLANG_WARN_EMPTY_BODY = YES;
				CLANG_WARN_ENUM_CONVERSION = YES;
				CLANG_WARN_IMPLICIT_SIGN_CONVERSION = YES;
				CLANG_WARN_INFINITE_RECURSION = YES;
				CLANG_WARN_INT_CONVERSION = YES;
				CLANG_WARN_OBJC_ROOT_CLASS = YES_ERROR;
				CLANG_WARN_SUSPICIOUS_MOVE = YES;
				CLANG_WARN_UNREACHABLE_CODE = YES;
				CLANG_WARN__DUPLICATE_METHOD_MATCH = YES;
				"CODE_SIGN_IDENTITY[sdk=iphoneos*]" = "iPhone Developer";
				COPY_PHASE_STRIP = NO;
				DEBUG_INFORMATION_FORMAT = "dwarf-with-dsym";
				DEPLOYMENT_LOCATION = YES;
				ENABLE_NS_ASSERTIONS = NO;
				ENABLE_STRICT_OBJC_MSGSEND = YES;
				GCC_C_LANGUAGE_STANDARD = c11;
				GCC_INLINES_ARE_PRIVATE_EXTERN = YES;
				GCC_NO_COMMON_BLOCKS = YES;
				GCC_PREPROCESSOR_DEFINITIONS = "NDEBUG=1";
				GCC_SYMBOLS_PRIVATE_EXTERN = YES;
				GCC_WARN_64_TO_32_BIT_CONVERSION = YES;
				GCC_WARN_ABOUT_RETURN_TYPE = YES_ERROR;
				GCC_WARN_SHADOW = YES;
				GCC_WARN_UNDECLARED_SELECTOR = YES;
				GCC_WARN_UNINITIALIZED_AUTOS = YES_AGGRESSIVE;
				GCC_WARN_UNUSED_FUNCTION = YES;
				GCC_WARN_UNUSED_VARIABLE = YES;
				HEADER_SEARCH_PATHS = (
					include,
					depend/curl/include,
					depend/jsoncpp/include,
				);
				INSTALL_PATH = /;
				IPHONEOS_DEPLOYMENT_TARGET = 8.0;
				MTL_ENABLE_DEBUG_INFO = NO;
				SDKROOT = iphoneos;
				VALIDATE_PRODUCT = YES;
			};
			name = Release;
		};
		38EC90D61C3AC853008AE1A3 /* Debug */ = {
			isa = XCBuildConfiguration;
			buildSettings = {
				DSTROOT = "$(SRCROOT)/lib/ios";
				OTHER_LDFLAGS = "-ObjC";
				PRODUCT_NAME = hermes;
			};
			name = Debug;
		};
		38EC90D71C3AC853008AE1A3 /* Release */ = {
			isa = XCBuildConfiguration;
			buildSettings = {
				DSTROOT = "$(SRCROOT)/lib/ios";
				OTHER_LDFLAGS = "-ObjC";
				PRODUCT_NAME = hermes;
			};
			name = Release;
		};
/* End XCBuildConfiguration section */

/* Begin XCConfigurationList section */
		38EC90C71C3AC853008AE1A3 /* Build configuration list for PBXProject "hermes" */ = {
			isa = XCConfigurationList;
			buildConfigurations = (
				38EC90D31C3AC853008AE1A3 /* Debug */,
				38EC90D41C3AC853008AE1A3 /* Release */,
			);
			defaultConfigurationIsVisible = 0;
			defaultConfigurationName = Release;
		};
		38EC90D51C3AC853008AE1A3 /* Build configuration list for PBXNativeTarget "hermes" */ = {
			isa = XCConfigurationList;
			buildConfigurations = (
				38EC90D61C3AC853008AE1A3 /* Debug */,
				38EC90D71C3AC853008AE1A3 /* Release */,
			);
			defaultConfigurationIsVisible = 0;
			defaultConfigurationName = Release;
		};
/* End XCConfigurationList section */
	};
	rootObject = 38EC90C41C3AC853008AE1A3 /* Project object */;
}
