// !$*UTF8*$!
{
	archiveVersion = 1;
	classes = {
	};
	objectVersion = 52;
	objects = {

/* Begin PBXBuildFile section */
		55468AE72655B3D6001514BB /* aes.xcframework in Frameworks */ = {isa = PBXBuildFile; fileRef = 55468AE62655B3D6001514BB /* aes.xcframework */; };
		55468AEF2655BABD001514BB /* jsoncpp.xcframework in Frameworks */ = {isa = PBXBuildFile; fileRef = 55468AE82655BABD001514BB /* jsoncpp.xcframework */; };
		55468AF02655BABD001514BB /* hmsextmodule.xcframework in Frameworks */ = {isa = PBXBuildFile; fileRef = 55468AE92655BABD001514BB /* hmsextmodule.xcframework */; };
		55468AF12655BABD001514BB /* hermes.xcframework in Frameworks */ = {isa = PBXBuildFile; fileRef = 55468AEA2655BABD001514BB /* hermes.xcframework */; };
		55468AF22655BABD001514BB /* zlib.xcframework in Frameworks */ = {isa = PBXBuildFile; fileRef = 55468AEB2655BABD001514BB /* zlib.xcframework */; };
		55468AF32655BABD001514BB /* hmsextserializer.xcframework in Frameworks */ = {isa = PBXBuildFile; fileRef = 55468AEC2655BABD001514BB /* hmsextserializer.xcframework */; };
		55468AF42655BABD001514BB /* hmsextgzipreader.xcframework in Frameworks */ = {isa = PBXBuildFile; fileRef = 55468AED2655BABD001514BB /* hmsextgzipreader.xcframework */; };
		55468AF52655BABD001514BB /* curl.xcframework in Frameworks */ = {isa = PBXBuildFile; fileRef = 55468AEE2655BABD001514BB /* curl.xcframework */; };
		5560EBA3239A9BB20097C159 /* HelloWorld.cpp in Sources */ = {isa = PBXBuildFile; fileRef = 5560EBA2239A9BB20097C159 /* HelloWorld.cpp */; };
		5560EBA5239AA2EB0097C159 /* Security.framework in Frameworks */ = {isa = PBXBuildFile; fileRef = 5560EBA4239AA2EB0097C159 /* Security.framework */; };
		5560EBA7239AA30E0097C159 /* libz.tbd in Frameworks */ = {isa = PBXBuildFile; fileRef = 5560EBA6239AA30E0097C159 /* libz.tbd */; };
		5560EBAD239AC3E50097C159 /* LaunchScreen.storyboard in Resources */ = {isa = PBXBuildFile; fileRef = 5560EBAB239AC3CC0097C159 /* LaunchScreen.storyboard */; };
		55B244A723918F430017AB52 /* ApplicationMain.mm in Sources */ = {isa = PBXBuildFile; fileRef = 55B244A623918F430017AB52 /* ApplicationMain.mm */; };
		55BD9A9C2391559200DA16C7 /* CoreFoundation.framework in Frameworks */ = {isa = PBXBuildFile; fileRef = 55BD9A9B2391559200DA16C7 /* CoreFoundation.framework */; };
		55BD9A9E239155B400DA16C7 /* UIKit.framework in Frameworks */ = {isa = PBXBuildFile; fileRef = 55BD9A9D239155B400DA16C7 /* UIKit.framework */; };
/* End PBXBuildFile section */

/* Begin PBXFileReference section */
		552BE89C239169AA00D38E84 /* Info.plist */ = {isa = PBXFileReference; fileEncoding = 4; lastKnownFileType = text.plist.xml; name = Info.plist; path = resources/Info.plist; sourceTree = "<group>"; };
		552BE89E239169AA00D38E84 /* Assets.xcassets */ = {isa = PBXFileReference; lastKnownFileType = folder.assetcatalog; name = Assets.xcassets; path = resources/Assets.xcassets; sourceTree = "<group>"; };
		55468AE62655B3D6001514BB /* aes.xcframework */ = {isa = PBXFileReference; lastKnownFileType = wrapper.xcframework; name = aes.xcframework; path = ../../lib/ios/aes.xcframework; sourceTree = "<group>"; };
		55468AE82655BABD001514BB /* jsoncpp.xcframework */ = {isa = PBXFileReference; lastKnownFileType = wrapper.xcframework; name = jsoncpp.xcframework; path = ../../lib/ios/jsoncpp.xcframework; sourceTree = "<group>"; };
		55468AE92655BABD001514BB /* hmsextmodule.xcframework */ = {isa = PBXFileReference; lastKnownFileType = wrapper.xcframework; name = hmsextmodule.xcframework; path = ../../lib/ios/hmsextmodule.xcframework; sourceTree = "<group>"; };
		55468AEA2655BABD001514BB /* hermes.xcframework */ = {isa = PBXFileReference; lastKnownFileType = wrapper.xcframework; name = hermes.xcframework; path = ../../lib/ios/hermes.xcframework; sourceTree = "<group>"; };
		55468AEB2655BABD001514BB /* zlib.xcframework */ = {isa = PBXFileReference; lastKnownFileType = wrapper.xcframework; name = zlib.xcframework; path = ../../lib/ios/zlib.xcframework; sourceTree = "<group>"; };
		55468AEC2655BABD001514BB /* hmsextserializer.xcframework */ = {isa = PBXFileReference; lastKnownFileType = wrapper.xcframework; name = hmsextserializer.xcframework; path = ../../lib/ios/hmsextserializer.xcframework; sourceTree = "<group>"; };
		55468AED2655BABD001514BB /* hmsextgzipreader.xcframework */ = {isa = PBXFileReference; lastKnownFileType = wrapper.xcframework; name = hmsextgzipreader.xcframework; path = ../../lib/ios/hmsextgzipreader.xcframework; sourceTree = "<group>"; };
		55468AEE2655BABD001514BB /* curl.xcframework */ = {isa = PBXFileReference; lastKnownFileType = wrapper.xcframework; name = curl.xcframework; path = ../../lib/ios/curl.xcframework; sourceTree = "<group>"; };
		5560EBA1239A9BB20097C159 /* HelloWorld.hpp */ = {isa = PBXFileReference; fileEncoding = 4; lastKnownFileType = sourcecode.cpp.h; name = HelloWorld.hpp; path = ../01.HelloWorld/HelloWorld.hpp; sourceTree = "<group>"; };
		5560EBA2239A9BB20097C159 /* HelloWorld.cpp */ = {isa = PBXFileReference; fileEncoding = 4; lastKnownFileType = sourcecode.cpp.cpp; name = HelloWorld.cpp; path = ../01.HelloWorld/HelloWorld.cpp; sourceTree = "<group>"; };
		5560EBA4239AA2EB0097C159 /* Security.framework */ = {isa = PBXFileReference; lastKnownFileType = wrapper.framework; name = Security.framework; path = System/Library/Frameworks/Security.framework; sourceTree = SDKROOT; };
		5560EBA6239AA30E0097C159 /* libz.tbd */ = {isa = PBXFileReference; lastKnownFileType = "sourcecode.text-based-dylib-definition"; name = libz.tbd; path = usr/lib/libz.tbd; sourceTree = SDKROOT; };
		5560EBAB239AC3CC0097C159 /* LaunchScreen.storyboard */ = {isa = PBXFileReference; fileEncoding = 4; lastKnownFileType = file.storyboard; name = LaunchScreen.storyboard; path = resources/LaunchScreen.storyboard; sourceTree = "<group>"; };
		55B244A623918F430017AB52 /* ApplicationMain.mm */ = {isa = PBXFileReference; fileEncoding = 4; lastKnownFileType = sourcecode.cpp.objcpp; path = ApplicationMain.mm; sourceTree = "<group>"; };
		55BD9A6E2391521100DA16C7 /* 01.HelloWorld.app */ = {isa = PBXFileReference; explicitFileType = wrapper.application; includeInIndex = 0; path = 01.HelloWorld.app; sourceTree = BUILT_PRODUCTS_DIR; };
		55BD9A9B2391559200DA16C7 /* CoreFoundation.framework */ = {isa = PBXFileReference; lastKnownFileType = wrapper.framework; name = CoreFoundation.framework; path = System/Library/Frameworks/CoreFoundation.framework; sourceTree = SDKROOT; };
		55BD9A9D239155B400DA16C7 /* UIKit.framework */ = {isa = PBXFileReference; lastKnownFileType = wrapper.framework; name = UIKit.framework; path = System/Library/Frameworks/UIKit.framework; sourceTree = SDKROOT; };
/* End PBXFileReference section */

/* Begin PBXFrameworksBuildPhase section */
		55BD9A6B2391521100DA16C7 /* Frameworks */ = {
			isa = PBXFrameworksBuildPhase;
			buildActionMask = 2147483647;
			files = (
				55468AE72655B3D6001514BB /* aes.xcframework in Frameworks */,
				55468AF52655BABD001514BB /* curl.xcframework in Frameworks */,
				55468AF12655BABD001514BB /* hermes.xcframework in Frameworks */,
				55468AF42655BABD001514BB /* hmsextgzipreader.xcframework in Frameworks */,
				55468AF02655BABD001514BB /* hmsextmodule.xcframework in Frameworks */,
				55468AF32655BABD001514BB /* hmsextserializer.xcframework in Frameworks */,
				55468AEF2655BABD001514BB /* jsoncpp.xcframework in Frameworks */,
				55468AF22655BABD001514BB /* zlib.xcframework in Frameworks */,
				5560EBA7239AA30E0097C159 /* libz.tbd in Frameworks */,
				55BD9A9C2391559200DA16C7 /* CoreFoundation.framework in Frameworks */,
				5560EBA5239AA2EB0097C159 /* Security.framework in Frameworks */,
				55BD9A9E239155B400DA16C7 /* UIKit.framework in Frameworks */,
			);
			runOnlyForDeploymentPostprocessing = 0;
		};
/* End PBXFrameworksBuildPhase section */

/* Begin PBXGroup section */
		552BE89B2391698800D38E84 /* Resources */ = {
			isa = PBXGroup;
			children = (
				552BE89C239169AA00D38E84 /* Info.plist */,
				5560EBAB239AC3CC0097C159 /* LaunchScreen.storyboard */,
				552BE89E239169AA00D38E84 /* Assets.xcassets */,
			);
			name = Resources;
			sourceTree = "<group>";
		};
		55BD9A652391521100DA16C7 = {
			isa = PBXGroup;
			children = (
				55B244A623918F430017AB52 /* ApplicationMain.mm */,
				5560EBA2239A9BB20097C159 /* HelloWorld.cpp */,
				5560EBA1239A9BB20097C159 /* HelloWorld.hpp */,
				55BD9A9A2391559200DA16C7 /* Frameworks */,
				55BD9A6F2391521100DA16C7 /* Products */,
				552BE89B2391698800D38E84 /* Resources */,
			);
			sourceTree = "<group>";
		};
		55BD9A6F2391521100DA16C7 /* Products */ = {
			isa = PBXGroup;
			children = (
				55BD9A6E2391521100DA16C7 /* 01.HelloWorld.app */,
			);
			name = Products;
			sourceTree = "<group>";
		};
		55BD9A9A2391559200DA16C7 /* Frameworks */ = {
			isa = PBXGroup;
			children = (
				55468AE62655B3D6001514BB /* aes.xcframework */,
				55468AEE2655BABD001514BB /* curl.xcframework */,
				55468AEA2655BABD001514BB /* hermes.xcframework */,
				55468AED2655BABD001514BB /* hmsextgzipreader.xcframework */,
				55468AE92655BABD001514BB /* hmsextmodule.xcframework */,
				55468AEC2655BABD001514BB /* hmsextserializer.xcframework */,
				55468AE82655BABD001514BB /* jsoncpp.xcframework */,
				55468AEB2655BABD001514BB /* zlib.xcframework */,
				5560EBA6239AA30E0097C159 /* libz.tbd */,
				55BD9A9B2391559200DA16C7 /* CoreFoundation.framework */,
				5560EBA4239AA2EB0097C159 /* Security.framework */,
				55BD9A9D239155B400DA16C7 /* UIKit.framework */,
			);
			name = Frameworks;
			sourceTree = "<group>";
		};
/* End PBXGroup section */

/* Begin PBXNativeTarget section */
		55BD9A6D2391521100DA16C7 /* helloworld */ = {
			isa = PBXNativeTarget;
			buildConfigurationList = 55BD9A872391521200DA16C7 /* Build configuration list for PBXNativeTarget "helloworld" */;
			buildPhases = (
				55BD9A6A2391521100DA16C7 /* Sources */,
				55BD9A6B2391521100DA16C7 /* Frameworks */,
				55BD9A6C2391521100DA16C7 /* Resources */,
			);
			buildRules = (
			);
			dependencies = (
			);
			name = helloworld;
			productName = helloworld;
			productReference = 55BD9A6E2391521100DA16C7 /* 01.HelloWorld.app */;
			productType = "com.apple.product-type.application";
		};
/* End PBXNativeTarget section */

/* Begin PBXProject section */
		55BD9A662391521100DA16C7 /* Project object */ = {
			isa = PBXProject;
			attributes = {
				LastUpgradeCheck = 1250;
				TargetAttributes = {
					55BD9A6D2391521100DA16C7 = {
						CreatedOnToolsVersion = 11.2.1;
					};
				};
			};
			buildConfigurationList = 55BD9A692391521100DA16C7 /* Build configuration list for PBXProject "HelloWorld" */;
			compatibilityVersion = "Xcode 9.3";
			developmentRegion = en;
			hasScannedForEncodings = 0;
			knownRegions = (
				en,
				Base,
			);
			mainGroup = 55BD9A652391521100DA16C7;
			productRefGroup = 55BD9A6F2391521100DA16C7 /* Products */;
			projectDirPath = "";
			projectRoot = "";
			targets = (
				55BD9A6D2391521100DA16C7 /* helloworld */,
			);
		};
/* End PBXProject section */

/* Begin PBXResourcesBuildPhase section */
		55BD9A6C2391521100DA16C7 /* Resources */ = {
			isa = PBXResourcesBuildPhase;
			buildActionMask = 2147483647;
			files = (
				5560EBAD239AC3E50097C159 /* LaunchScreen.storyboard in Resources */,
			);
			runOnlyForDeploymentPostprocessing = 0;
		};
/* End PBXResourcesBuildPhase section */

/* Begin PBXSourcesBuildPhase section */
		55BD9A6A2391521100DA16C7 /* Sources */ = {
			isa = PBXSourcesBuildPhase;
			buildActionMask = 2147483647;
			files = (
				55B244A723918F430017AB52 /* ApplicationMain.mm in Sources */,
				5560EBA3239A9BB20097C159 /* HelloWorld.cpp in Sources */,
			);
			runOnlyForDeploymentPostprocessing = 0;
		};
/* End PBXSourcesBuildPhase section */

/* Begin XCBuildConfiguration section */
		55BD9A852391521200DA16C7 /* Debug */ = {
			isa = XCBuildConfiguration;
			buildSettings = {
				CLANG_ANALYZER_NONNULL = YES;
				CLANG_ANALYZER_NUMBER_OBJECT_CONVERSION = YES_AGGRESSIVE;
				CLANG_CXX_LANGUAGE_STANDARD = "c++17";
				CLANG_CXX_LIBRARY = "libc++";
				CLANG_ENABLE_MODULES = YES;
				CLANG_ENABLE_OBJC_ARC = YES;
				CLANG_ENABLE_OBJC_WEAK = YES;
				CLANG_WARN_BLOCK_CAPTURE_AUTORELEASING = YES;
				CLANG_WARN_BOOL_CONVERSION = YES;
				CLANG_WARN_COMMA = YES;
				CLANG_WARN_CONSTANT_CONVERSION = YES;
				CLANG_WARN_DEPRECATED_OBJC_IMPLEMENTATIONS = YES;
				CLANG_WARN_DIRECT_OBJC_ISA_USAGE = YES_ERROR;
				CLANG_WARN_DOCUMENTATION_COMMENTS = YES;
				CLANG_WARN_EMPTY_BODY = YES;
				CLANG_WARN_ENUM_CONVERSION = YES;
				CLANG_WARN_INFINITE_RECURSION = YES;
				CLANG_WARN_INT_CONVERSION = YES;
				CLANG_WARN_NON_LITERAL_NULL_CONVERSION = YES;
				CLANG_WARN_OBJC_IMPLICIT_RETAIN_SELF = YES;
				CLANG_WARN_OBJC_LITERAL_CONVERSION = YES;
				CLANG_WARN_OBJC_ROOT_CLASS = YES_ERROR;
				CLANG_WARN_QUOTED_INCLUDE_IN_FRAMEWORK_HEADER = YES;
				CLANG_WARN_RANGE_LOOP_ANALYSIS = YES;
				CLANG_WARN_STRICT_PROTOTYPES = YES;
				CLANG_WARN_SUSPICIOUS_MOVE = YES;
				CLANG_WARN_UNGUARDED_AVAILABILITY = YES_AGGRESSIVE;
				CLANG_WARN_UNREACHABLE_CODE = YES;
				CLANG_WARN__DUPLICATE_METHOD_MATCH = YES;
				COPY_PHASE_STRIP = NO;
				DEBUG_INFORMATION_FORMAT = dwarf;
				ENABLE_BITCODE = NO;
				ENABLE_STRICT_OBJC_MSGSEND = YES;
				ENABLE_TESTABILITY = YES;
				GCC_C_LANGUAGE_STANDARD = c11;
				GCC_DYNAMIC_NO_PIC = NO;
				GCC_NO_COMMON_BLOCKS = YES;
				GCC_OPTIMIZATION_LEVEL = 0;
				GCC_PREPROCESSOR_DEFINITIONS = (
					"DEBUG=1",
					"$(inherited)",
				);
				GCC_WARN_64_TO_32_BIT_CONVERSION = YES;
				GCC_WARN_ABOUT_RETURN_TYPE = YES_ERROR;
				GCC_WARN_UNDECLARED_SELECTOR = YES;
				GCC_WARN_UNINITIALIZED_AUTOS = YES_AGGRESSIVE;
				GCC_WARN_UNUSED_FUNCTION = YES;
				GCC_WARN_UNUSED_VARIABLE = YES;
				HEADER_SEARCH_PATHS = (
					../..,
					../../include,
					../../depend/jsoncpp/include,
				);
				IPHONEOS_DEPLOYMENT_TARGET = 12.4;
				MTL_ENABLE_DEBUG_INFO = INCLUDE_SOURCE;
				MTL_FAST_MATH = YES;
				ONLY_ACTIVE_ARCH = YES;
				SDKROOT = iphoneos;
			};
			name = Debug;
		};
		55BD9A862391521200DA16C7 /* Release */ = {
			isa = XCBuildConfiguration;
			buildSettings = {
				CLANG_ANALYZER_NONNULL = YES;
				CLANG_ANALYZER_NUMBER_OBJECT_CONVERSION = YES_AGGRESSIVE;
				CLANG_CXX_LANGUAGE_STANDARD = "c++17";
				CLANG_CXX_LIBRARY = "libc++";
				CLANG_ENABLE_MODULES = YES;
				CLANG_ENABLE_OBJC_ARC = YES;
				CLANG_ENABLE_OBJC_WEAK = YES;
				CLANG_WARN_BLOCK_CAPTURE_AUTORELEASING = YES;
				CLANG_WARN_BOOL_CONVERSION = YES;
				CLANG_WARN_COMMA = YES;
				CLANG_WARN_CONSTANT_CONVERSION = YES;
				CLANG_WARN_DEPRECATED_OBJC_IMPLEMENTATIONS = YES;
				CLANG_WARN_DIRECT_OBJC_ISA_USAGE = YES_ERROR;
				CLANG_WARN_DOCUMENTATION_COMMENTS = YES;
				CLANG_WARN_EMPTY_BODY = YES;
				CLANG_WARN_ENUM_CONVERSION = YES;
				CLANG_WARN_INFINITE_RECURSION = YES;
				CLANG_WARN_INT_CONVERSION = YES;
				CLANG_WARN_NON_LITERAL_NULL_CONVERSION = YES;
				CLANG_WARN_OBJC_IMPLICIT_RETAIN_SELF = YES;
				CLANG_WARN_OBJC_LITERAL_CONVERSION = YES;
				CLANG_WARN_OBJC_ROOT_CLASS = YES_ERROR;
				CLANG_WARN_QUOTED_INCLUDE_IN_FRAMEWORK_HEADER = YES;
				CLANG_WARN_RANGE_LOOP_ANALYSIS = YES;
				CLANG_WARN_STRICT_PROTOTYPES = YES;
				CLANG_WARN_SUSPICIOUS_MOVE = YES;
				CLANG_WARN_UNGUARDED_AVAILABILITY = YES_AGGRESSIVE;
				CLANG_WARN_UNREACHABLE_CODE = YES;
				CLANG_WARN__DUPLICATE_METHOD_MATCH = YES;
				COPY_PHASE_STRIP = NO;
				DEBUG_INFORMATION_FORMAT = "dwarf-with-dsym";
				ENABLE_BITCODE = NO;
				ENABLE_NS_ASSERTIONS = NO;
				ENABLE_STRICT_OBJC_MSGSEND = YES;
				GCC_C_LANGUAGE_STANDARD = c11;
				GCC_NO_COMMON_BLOCKS = YES;
				GCC_WARN_64_TO_32_BIT_CONVERSION = YES;
				GCC_WARN_ABOUT_RETURN_TYPE = YES_ERROR;
				GCC_WARN_UNDECLARED_SELECTOR = YES;
				GCC_WARN_UNINITIALIZED_AUTOS = YES_AGGRESSIVE;
				GCC_WARN_UNUSED_FUNCTION = YES;
				GCC_WARN_UNUSED_VARIABLE = YES;
				HEADER_SEARCH_PATHS = (
					../..,
					../../include,
					../../depend/jsoncpp/include,
				);
				IPHONEOS_DEPLOYMENT_TARGET = 12.4;
				MTL_ENABLE_DEBUG_INFO = NO;
				MTL_FAST_MATH = YES;
				SDKROOT = iphoneos;
				VALIDATE_PRODUCT = YES;
			};
			name = Release;
		};
		55BD9A882391521200DA16C7 /* Debug */ = {
			isa = XCBuildConfiguration;
			buildSettings = {
				ASSETCATALOG_COMPILER_APPICON_NAME = Icon;
				CODE_SIGN_IDENTITY = "iPhone Developer";
				CODE_SIGN_STYLE = Manual;
				INFOPLIST_FILE = "$(SRCROOT)/resources/Info.plist";
				IPHONEOS_DEPLOYMENT_TARGET = 12.0;
				LD_RUNPATH_SEARCH_PATHS = (
					"$(inherited)",
					"@executable_path/Frameworks",
				);
				PRODUCT_BUNDLE_IDENTIFIER = pl.grupapracuj.hermes.helloworld;
				PRODUCT_NAME = 01.HelloWorld;
				TARGETED_DEVICE_FAMILY = "1,2";
			};
			name = Debug;
		};
		55BD9A892391521200DA16C7 /* Release */ = {
			isa = XCBuildConfiguration;
			buildSettings = {
				ASSETCATALOG_COMPILER_APPICON_NAME = Icon;
				CODE_SIGN_IDENTITY = "iPhone Distribution";
				CODE_SIGN_STYLE = Manual;
				INFOPLIST_FILE = "$(SRCROOT)/resources/Info.plist";
				IPHONEOS_DEPLOYMENT_TARGET = 12.0;
				LD_RUNPATH_SEARCH_PATHS = (
					"$(inherited)",
					"@executable_path/Frameworks",
				);
				PRODUCT_BUNDLE_IDENTIFIER = pl.grupapracuj.hermes.helloworld;
				PRODUCT_NAME = 01.HelloWorld;
				TARGETED_DEVICE_FAMILY = "1,2";
			};
			name = Release;
		};
/* End XCBuildConfiguration section */

/* Begin XCConfigurationList section */
		55BD9A692391521100DA16C7 /* Build configuration list for PBXProject "HelloWorld" */ = {
			isa = XCConfigurationList;
			buildConfigurations = (
				55BD9A852391521200DA16C7 /* Debug */,
				55BD9A862391521200DA16C7 /* Release */,
			);
			defaultConfigurationIsVisible = 0;
			defaultConfigurationName = Release;
		};
		55BD9A872391521200DA16C7 /* Build configuration list for PBXNativeTarget "helloworld" */ = {
			isa = XCConfigurationList;
			buildConfigurations = (
				55BD9A882391521200DA16C7 /* Debug */,
				55BD9A892391521200DA16C7 /* Release */,
			);
			defaultConfigurationIsVisible = 0;
			defaultConfigurationName = Release;
		};
/* End XCConfigurationList section */
	};
	rootObject = 55BD9A662391521100DA16C7 /* Project object */;
}
